{
  "version": 4,
  "terraform_version": "1.15.8",
  "serial": 22,
  "lineage": "007d5946-3d94-2615-6d69-81701149ef4f",
  "outputs": {},
  "resources": [
    {
      "module": "module.dev_public_ip",
      "mode": "managed",
      "type": "azurerm_public_ip",
      "name": "pip",
      "provider": "provider[\"registry.terraform.io/hashicorp/azurerm\"]",
      "instances": [
        {
          "index_key": "pip1",
          "schema_version": 0,
          "attributes": {
            "allocation_method": "Static",
            "ddos_protection_mode": "VirtualNetworkInherited",
            "ddos_protection_plan_id": null,
            "domain_name_label": "",
            "domain_name_label_scope": "",
            "edge_zone": "",
            "fqdn": "",
            "id": "/subscriptions/5973a558-9414-4afd-961e-2e22fcf05e0b/resourceGroups/dev_rg1/providers/Microsoft.Network/publicIPAddresses/dev_frontend_pip",
            "idle_timeout_in_minutes": 4,
            "ip_address": "20.198.84.250",
            "ip_tags": {},
            "ip_version": "IPv4",
            "location": "centralindia",
            "name": "dev_frontend_pip",
            "public_ip_prefix_id": null,
            "resource_group_name": "dev_rg1",
            "reverse_fqdn": "",
            "sku": "Standard",
            "sku_tier": "Regional",
            "tags": {},
            "timeouts": null,
            "zones": []
          },
          "sensitive_attributes": [],
          "identity_schema_version": 0,
          "identity": {
            "name": "dev_frontend_pip",
            "resource_group_name": "dev_rg1",
            "subscription_id": "5973a558-9414-4afd-961e-2e22fcf05e0b"
          },
          "private": "eyJlMmJmYjczMC1lY2FhLTExZTYtOGY4OC0zNDM2M2JjN2M0YzAiOnsiY3JlYXRlIjoxODAwMDAwMDAwMDAwLCJkZWxldGUiOjE4MDAwMDAwMDAwMDAsInJlYWQiOjMwMDAwMDAwMDAwMCwidXBkYXRlIjoxODAwMDAwMDAwMDAwfX0=",
          "dependencies": [
            "module.dev_rg.azurerm_resource_group.rg"
          ]
        },
        {
          "index_key": "pip2",
          "schema_version": 0,
          "attributes": {
            "allocation_method": "Static",
            "ddos_protection_mode": "VirtualNetworkInherited",
            "ddos_protection_plan_id": null,
            "domain_name_label": "",
            "domain_name_label_scope": "",
            "edge_zone": "",
            "fqdn": "",
            "id": "/subscriptions/5973a558-9414-4afd-961e-2e22fcf05e0b/resourceGroups/dev_rg1/providers/Microsoft.Network/publicIPAddresses/dev_backend_pip",
            "idle_timeout_in_minutes": 4,
            "ip_address": "20.207.200.214",
            "ip_tags": {},
            "ip_version": "IPv4",
            "location": "centralindia",
            "name": "dev_backend_pip",
            "public_ip_prefix_id": null,
            "resource_group_name": "dev_rg1",
            "reverse_fqdn": "",
            "sku": "Standard",
            "sku_tier": "Regional",
            "tags": {},
            "timeouts": null,
            "zones": []
          },
          "sensitive_attributes": [],
          "identity_schema_version": 0,
          "identity": {
            "name": "dev_backend_pip",
            "resource_group_name": "dev_rg1",
            "subscription_id": "5973a558-9414-4afd-961e-2e22fcf05e0b"
          },
          "private": "eyJlMmJmYjczMC1lY2FhLTExZTYtOGY4OC0zNDM2M2JjN2M0YzAiOnsiY3JlYXRlIjoxODAwMDAwMDAwMDAwLCJkZWxldGUiOjE4MDAwMDAwMDAwMDAsInJlYWQiOjMwMDAwMDAwMDAwMCwidXBkYXRlIjoxODAwMDAwMDAwMDAwfX0=",
          "dependencies": [
            "module.dev_rg.azurerm_resource_group.rg"
          ]
        }
      ]
    },
    {
      "module": "module.dev_rg",
      "mode": "managed",
      "type": "azurerm_resource_group",
      "name": "rg",
      "provider": "provider[\"registry.terraform.io/hashicorp/azurerm\"]",
      "instances": [
        {
          "index_key": "rg1",
          "schema_version": 0,
          "attributes": {
            "id": "/subscriptions/5973a558-9414-4afd-961e-2e22fcf05e0b/resourceGroups/dev_rg1",
            "location": "centralindia",
            "managed_by": "",
            "name": "dev_rg1",
            "tags": {},
            "timeouts": null
          },
          "sensitive_attributes": [],
          "identity_schema_version": 0,
          "identity": {
            "name": "dev_rg1",
            "subscription_id": "5973a558-9414-4afd-961e-2e22fcf05e0b"
          },
          "private": "eyJlMmJmYjczMC1lY2FhLTExZTYtOGY4OC0zNDM2M2JjN2M0YzAiOnsiY3JlYXRlIjo1NDAwMDAwMDAwMDAwLCJkZWxldGUiOjU0MDAwMDAwMDAwMDAsInJlYWQiOjMwMDAwMDAwMDAwMCwidXBkYXRlIjo1NDAwMDAwMDAwMDAwfX0="
        }
      ]
    },
    {
      "module": "module.dev_subnet",
      "mode": "managed",
      "type": "azurerm_subnet",
      "name": "subnets",
      "provider": "provider[\"registry.terraform.io/hashicorp/azurerm\"]",
      "instances": [
        {
          "index_key": "subnet1",
          "schema_version": 0,
          "attributes": {
            "address_prefixes": [
              "10.0.1.0/24"
            ],
            "default_outbound_access_enabled": true,
            "delegation": [],
            "id": "/subscriptions/5973a558-9414-4afd-961e-2e22fcf05e0b/resourceGroups/dev_rg1/providers/Microsoft.Network/virtualNetworks/dev_vnet/subnets/dev_frontend_subnet",
            "ip_address_pool": [],
            "name": "dev_frontend_subnet",
            "private_endpoint_network_policies": "Disabled",
            "private_link_service_network_policies_enabled": true,
            "resource_group_name": "dev_rg1",
            "service_endpoint_policy_ids": [],
            "service_endpoints": [],
            "sharing_scope": "",
            "timeouts": null,
            "virtual_network_name": "dev_vnet"
          },
          "sensitive_attributes": [],
          "identity_schema_version": 0,
          "identity": {
            "name": "dev_frontend_subnet",
            "resource_group_name": "dev_rg1",
            "subscription_id": "5973a558-9414-4afd-961e-2e22fcf05e0b",
            "virtual_network_name": "dev_vnet"
          },
          "private": "eyJlMmJmYjczMC1lY2FhLTExZTYtOGY4OC0zNDM2M2JjN2M0YzAiOnsiY3JlYXRlIjoxODAwMDAwMDAwMDAwLCJkZWxldGUiOjE4MDAwMDAwMDAwMDAsInJlYWQiOjMwMDAwMDAwMDAwMCwidXBkYXRlIjoxODAwMDAwMDAwMDAwfX0=",
          "dependencies": [
            "module.dev_rg.azurerm_resource_group.rg",
            "module.dev_vnet.azurerm_virtual_network.vnet"
          ]
        },
        {
          "index_key": "subnet2",
          "schema_version": 0,
          "attributes": {
            "address_prefixes": [
              "10.0.2.0/24"
            ],
            "default_outbound_access_enabled": true,
            "delegation": [],
            "id": "/subscriptions/5973a558-9414-4afd-961e-2e22fcf05e0b/resourceGroups/dev_rg1/providers/Microsoft.Network/virtualNetworks/dev_vnet/subnets/dev_backend_subnet",
            "ip_address_pool": [],
            "name": "dev_backend_subnet",
            "private_endpoint_network_policies": "Disabled",
            "private_link_service_network_policies_enabled": true,
            "resource_group_name": "dev_rg1",
            "service_endpoint_policy_ids": [],
            "service_endpoints": [],
            "sharing_scope": "",
            "timeouts": null,
            "virtual_network_name": "dev_vnet"
          },
          "sensitive_attributes": [],
          "identity_schema_version": 0,
          "identity": {
            "name": "dev_backend_subnet",
            "resource_group_name": "dev_rg1",
            "subscription_id": "5973a558-9414-4afd-961e-2e22fcf05e0b",
            "virtual_network_name": "dev_vnet"
          },
          "private": "eyJlMmJmYjczMC1lY2FhLTExZTYtOGY4OC0zNDM2M2JjN2M0YzAiOnsiY3JlYXRlIjoxODAwMDAwMDAwMDAwLCJkZWxldGUiOjE4MDAwMDAwMDAwMDAsInJlYWQiOjMwMDAwMDAwMDAwMCwidXBkYXRlIjoxODAwMDAwMDAwMDAwfX0=",
          "dependencies": [
            "module.dev_rg.azurerm_resource_group.rg",
            "module.dev_vnet.azurerm_virtual_network.vnet"
          ]
        },
        {
          "index_key": "subnet3",
          "schema_version": 0,
          "attributes": {
            "address_prefixes": [
              "10.0.3.0/28"
            ],
            "default_outbound_access_enabled": true,
            "delegation": [],
            "id": "/subscriptions/5973a558-9414-4afd-961e-2e22fcf05e0b/resourceGroups/dev_rg1/providers/Microsoft.Network/virtualNetworks/dev_vnet/subnets/dev_database_subnet",
            "ip_address_pool": [],
            "name": "dev_database_subnet",
            "private_endpoint_network_policies": "Disabled",
            "private_link_service_network_policies_enabled": true,
            "resource_group_name": "dev_rg1",
            "service_endpoint_policy_ids": [],
            "service_endpoints": [],
            "sharing_scope": "",
            "timeouts": null,
            "virtual_network_name": "dev_vnet"
          },
          "sensitive_attributes": [],
          "identity_schema_version": 0,
          "identity": {
            "name": "dev_database_subnet",
            "resource_group_name": "dev_rg1",
            "subscription_id": "5973a558-9414-4afd-961e-2e22fcf05e0b",
            "virtual_network_name": "dev_vnet"
          },
          "private": "eyJlMmJmYjczMC1lY2FhLTExZTYtOGY4OC0zNDM2M2JjN2M0YzAiOnsiY3JlYXRlIjoxODAwMDAwMDAwMDAwLCJkZWxldGUiOjE4MDAwMDAwMDAwMDAsInJlYWQiOjMwMDAwMDAwMDAwMCwidXBkYXRlIjoxODAwMDAwMDAwMDAwfX0=",
          "dependencies": [
            "module.dev_rg.azurerm_resource_group.rg",
            "module.dev_vnet.azurerm_virtual_network.vnet"
          ]
        }
      ]
    },
    {
      "module": "module.dev_vnet",
      "mode": "managed",
      "type": "azurerm_virtual_network",
      "name": "vnet",
      "provider": "provider[\"registry.terraform.io/hashicorp/azurerm\"]",
      "instances": [
        {
          "index_key": "vnet1",
          "schema_version": 0,
          "attributes": {
            "address_space": [
              "10.0.0.0/16"
            ],
            "bgp_community": "",
            "ddos_protection_plan": [],
            "dns_servers": [],
            "edge_zone": "",
            "encryption": [],
            "flow_timeout_in_minutes": 0,
            "guid": "d07b66c4-3e96-40e4-b3a2-277fe098e245",
            "id": "/subscriptions/5973a558-9414-4afd-961e-2e22fcf05e0b/resourceGroups/dev_rg1/providers/Microsoft.Network/virtualNetworks/dev_vnet",
            "ip_address_pool": [],
            "location": "centralindia",
            "name": "dev_vnet",
            "private_endpoint_vnet_policies": "Disabled",
            "resource_group_name": "dev_rg1",
            "subnet": [
              {
                "address_prefixes": [
                  "10.0.1.0/24"
                ],
                "default_outbound_access_enabled": true,
                "delegation": [],
                "id": "/subscriptions/5973a558-9414-4afd-961e-2e22fcf05e0b/resourceGroups/dev_rg1/providers/Microsoft.Network/virtualNetworks/dev_vnet/subnets/dev_frontend_subnet",
                "name": "dev_frontend_subnet",
                "private_endpoint_network_policies": "Disabled",
                "private_link_service_network_policies_enabled": true,
                "route_table_id": "",
                "security_group": "",
                "service_endpoint_policy_ids": [],
                "service_endpoints": []
              },
              {
                "address_prefixes": [
                  "10.0.2.0/24"
                ],
                "default_outbound_access_enabled": true,
                "delegation": [],
                "id": "/subscriptions/5973a558-9414-4afd-961e-2e22fcf05e0b/resourceGroups/dev_rg1/providers/Microsoft.Network/virtualNetworks/dev_vnet/subnets/dev_backend_subnet",
                "name": "dev_backend_subnet",
                "private_endpoint_network_policies": "Disabled",
                "private_link_service_network_policies_enabled": true,
                "route_table_id": "",
                "security_group": "",
                "service_endpoint_policy_ids": [],
                "service_endpoints": []
              },
              {
                "address_prefixes": [
                  "10.0.3.0/28"
                ],
                "default_outbound_access_enabled": true,
                "delegation": [],
                "id": "/subscriptions/5973a558-9414-4afd-961e-2e22fcf05e0b/resourceGroups/dev_rg1/providers/Microsoft.Network/virtualNetworks/dev_vnet/subnets/dev_database_subnet",
                "name": "dev_database_subnet",
                "private_endpoint_network_policies": "Disabled",
                "private_link_service_network_policies_enabled": true,
                "route_table_id": "",
                "security_group": "",
                "service_endpoint_policy_ids": [],
                "service_endpoints": []
              }
            ],
            "tags": {},
            "timeouts": null
          },
          "sensitive_attributes": [],
          "identity_schema_version": 0,
          "identity": {
            "name": "dev_vnet",
            "resource_group_name": "dev_rg1",
            "subscription_id": "5973a558-9414-4afd-961e-2e22fcf05e0b"
          },
          "private": "eyJlMmJmYjczMC1lY2FhLTExZTYtOGY4OC0zNDM2M2JjN2M0YzAiOnsiY3JlYXRlIjoxODAwMDAwMDAwMDAwLCJkZWxldGUiOjE4MDAwMDAwMDAwMDAsInJlYWQiOjMwMDAwMDAwMDAwMCwidXBkYXRlIjoxODAwMDAwMDAwMDAwfX0=",
          "dependencies": [
            "module.dev_rg.azurerm_resource_group.rg"
          ]
        }
      ]
    },
    {
      "module": "module.nic_vm",
      "mode": "data",
      "type": "azurerm_public_ip",
      "name": "pips",
      "provider": "provider[\"registry.terraform.io/hashicorp/azurerm\"]",
      "instances": [
        {
          "index_key": "nicsvim1",
          "schema_version": 0,
          "attributes": {
            "allocation_method": "Static",
            "ddos_protection_mode": "VirtualNetworkInherited",
            "ddos_protection_plan_id": null,
            "domain_name_label": "",
            "fqdn": "",
            "id": "/subscriptions/5973a558-9414-4afd-961e-2e22fcf05e0b/resourceGroups/dev_rg1/providers/Microsoft.Network/publicIPAddresses/dev_frontend_pip",
            "idle_timeout_in_minutes": 4,
            "ip_address": "20.198.84.250",
            "ip_tags": {},
            "ip_version": "IPv4",
            "location": "centralindia",
            "name": "dev_frontend_pip",
            "resource_group_name": "dev_rg1",
            "reverse_fqdn": "",
            "sku": "Standard",
            "tags": {},
            "timeouts": null,
            "zones": []
          },
          "sensitive_attributes": [],
          "identity_schema_version": 0
        }
      ]
    },
    {
      "module": "module.nic_vm",
      "mode": "data",
      "type": "azurerm_subnet",
      "name": "subnets",
      "provider": "provider[\"registry.terraform.io/hashicorp/azurerm\"]",
      "instances": [
        {
          "index_key": "nicsvim1",
          "schema_version": 0,
          "attributes": {
            "address_prefix": "10.0.1.0/24",
            "address_prefixes": [
              "10.0.1.0/24"
            ],
            "default_outbound_access_enabled": true,
            "id": "/subscriptions/5973a558-9414-4afd-961e-2e22fcf05e0b/resourceGroups/dev_rg1/providers/Microsoft.Network/virtualNetworks/dev_vnet/subnets/dev_frontend_subnet",
            "name": "dev_frontend_subnet",
            "network_security_group_id": "",
            "private_endpoint_network_policies": "Disabled",
            "private_link_service_network_policies_enabled": true,
            "resource_group_name": "dev_rg1",
            "route_table_id": "",
            "service_endpoints": [],
            "timeouts": null,
            "virtual_network_name": "dev_vnet"
          },
          "sensitive_attributes": [],
          "identity_schema_version": 0
        }
      ]
    },
    {
      "module": "module.nic_vm",
      "mode": "managed",
      "type": "azurerm_linux_virtual_machine",
      "name": "vms",
      "provider": "provider[\"registry.terraform.io/hashicorp/azurerm\"]",
      "instances": [
        {
          "index_key": "nicsvim1",
          "schema_version": 0,
          "attributes": {
            "additional_capabilities": [],
            "admin_password": "devops@123",
            "admin_ssh_key": [],
            "admin_username": "devops",
            "allow_extension_operations": true,
            "availability_set_id": "",
            "boot_diagnostics": [],
            "bypass_platform_safety_checks_on_user_schedule_enabled": false,
            "capacity_reservation_group_id": "",
            "computer_name": "devfrontendvm",
            "custom_data": null,
            "dedicated_host_group_id": "",
            "dedicated_host_id": "",
            "disable_password_authentication": false,
            "disk_controller_type": "",
            "edge_zone": "",
            "encryption_at_host_enabled": false,
            "eviction_policy": "",
            "extensions_time_budget": "PT1H30M",
            "gallery_application": [],
            "id": "/subscriptions/5973a558-9414-4afd-961e-2e22fcf05e0b/resourceGroups/dev_rg1/providers/Microsoft.Compute/virtualMachines/devfrontendvm",
            "identity": [],
            "license_type": "",
            "location": "centralindia",
            "max_bid_price": -1,
            "name": "devfrontendvm",
            "network_interface_ids": [
              "/subscriptions/5973a558-9414-4afd-961e-2e22fcf05e0b/resourceGroups/dev_rg1/providers/Microsoft.Network/networkInterfaces/dev_frontend_nic"
            ],
            "os_disk": [
              {
                "caching": "ReadWrite",
                "diff_disk_settings": [],
                "disk_encryption_set_id": "",
                "disk_size_gb": 30,
                "id": "/subscriptions/5973a558-9414-4afd-961e-2e22fcf05e0b/resourceGroups/dev_rg1/providers/Microsoft.Compute/disks/devfrontendvm_OsDisk_1_58c1b48e6a0240d89ca897e29b4b01de",
                "name": "devfrontendvm_OsDisk_1_58c1b48e6a0240d89ca897e29b4b01de",
                "secure_vm_disk_encryption_set_id": "",
                "security_encryption_type": "",
                "storage_account_type": "Standard_LRS",
                "write_accelerator_enabled": false
              }
            ],
            "os_image_notification": [],
            "os_managed_disk_id": "/subscriptions/5973a558-9414-4afd-961e-2e22fcf05e0b/resourceGroups/dev_rg1/providers/Microsoft.Compute/disks/devfrontendvm_OsDisk_1_58c1b48e6a0240d89ca897e29b4b01de",
            "patch_assessment_mode": "ImageDefault",
            "patch_mode": "ImageDefault",
            "plan": [],
            "platform_fault_domain": -1,
            "priority": "Regular",
            "private_ip_address": "10.0.1.4",
            "private_ip_addresses": [
              "10.0.1.4"
            ],
            "provision_vm_agent": true,
            "proximity_placement_group_id": "",
            "public_ip_address": "20.198.84.250",
            "public_ip_addresses": [
              "20.198.84.250"
            ],
            "reboot_setting": "",
            "resource_group_name": "dev_rg1",
            "secret": [],
            "secure_boot_enabled": false,
            "size": "Standard_F2",
            "source_image_id": "",
            "source_image_reference": [
              {
                "offer": "0001-com-ubuntu-server-jammy",
                "publisher": "Canonical",
                "sku": "22_04-lts",
                "version": "latest"
              }
            ],
            "tags": null,
            "termination_notification": null,
            "timeouts": null,
            "user_data": "",
            "virtual_machine_id": "7ebe5eeb-5129-4578-8c60-9a8eb4fa960f",
            "virtual_machine_scale_set_id": "",
            "vm_agent_platform_updates_enabled": false,
            "vtpm_enabled": false,
            "zone": ""
          },
          "sensitive_attributes": [
            [
              {
                "type": "get_attr",
                "value": "admin_password"
              }
            ],
            [
              {
                "type": "get_attr",
                "value": "custom_data"
              }
            ]
          ],
          "identity_schema_version": 0,
          "private": "eyJlMmJmYjczMC1lY2FhLTExZTYtOGY4OC0zNDM2M2JjN2M0YzAiOnsiY3JlYXRlIjoyNzAwMDAwMDAwMDAwLCJkZWxldGUiOjI3MDAwMDAwMDAwMDAsInJlYWQiOjMwMDAwMDAwMDAwMCwidXBkYXRlIjoyNzAwMDAwMDAwMDAwfX0=",
          "dependencies": [
            "module.dev_public_ip.azurerm_public_ip.pip",
            "module.dev_rg.azurerm_resource_group.rg",
            "module.dev_subnet.azurerm_subnet.subnets",
            "module.dev_vnet.azurerm_virtual_network.vnet",
            "module.nic_vm.azurerm_network_interface.nics",
            "module.nic_vm.data.azurerm_public_ip.pips",
            "module.nic_vm.data.azurerm_subnet.subnets"
          ]
        }
      ]
    },
    {
      "module": "module.nic_vm",
      "mode": "managed",
      "type": "azurerm_network_interface",
      "name": "nics",
      "provider": "provider[\"registry.terraform.io/hashicorp/azurerm\"]",
      "instances": [
        {
          "index_key": "nicsvim1",
          "schema_version": 0,
          "attributes": {
            "accelerated_networking_enabled": false,
            "applied_dns_servers": [],
            "auxiliary_mode": "",
            "auxiliary_sku": "",
            "dns_servers": [],
            "edge_zone": "",
            "id": "/subscriptions/5973a558-9414-4afd-961e-2e22fcf05e0b/resourceGroups/dev_rg1/providers/Microsoft.Network/networkInterfaces/dev_frontend_nic",
            "internal_dns_name_label": "",
            "internal_domain_name_suffix": "yrthxuewh1sebm3ce354bghcif.rx.internal.cloudapp.net",
            "ip_configuration": [
              {
                "gateway_load_balancer_frontend_ip_configuration_id": "",
                "name": "internal",
                "primary": true,
                "private_ip_address": "10.0.1.4",
                "private_ip_address_allocation": "Dynamic",
                "private_ip_address_version": "IPv4",
                "public_ip_address_id": "/subscriptions/5973a558-9414-4afd-961e-2e22fcf05e0b/resourceGroups/dev_rg1/providers/Microsoft.Network/publicIPAddresses/dev_frontend_pip",
                "subnet_id": "/subscriptions/5973a558-9414-4afd-961e-2e22fcf05e0b/resourceGroups/dev_rg1/providers/Microsoft.Network/virtualNetworks/dev_vnet/subnets/dev_frontend_subnet"
              }
            ],
            "ip_forwarding_enabled": false,
            "location": "centralindia",
            "mac_address": "",
            "name": "dev_frontend_nic",
            "private_ip_address": "10.0.1.4",
            "private_ip_addresses": [
              "10.0.1.4"
            ],
            "resource_group_name": "dev_rg1",
            "tags": {},
            "timeouts": null,
            "virtual_machine_id": ""
          },
          "sensitive_attributes": [],
          "identity_schema_version": 0,
          "identity": {
            "name": "dev_frontend_nic",
            "resource_group_name": "dev_rg1",
            "subscription_id": "5973a558-9414-4afd-961e-2e22fcf05e0b"
          },
          "private": "eyJlMmJmYjczMC1lY2FhLTExZTYtOGY4OC0zNDM2M2JjN2M0YzAiOnsiY3JlYXRlIjoxODAwMDAwMDAwMDAwLCJkZWxldGUiOjE4MDAwMDAwMDAwMDAsInJlYWQiOjMwMDAwMDAwMDAwMCwidXBkYXRlIjoxODAwMDAwMDAwMDAwfX0=",
          "dependencies": [
            "module.dev_public_ip.azurerm_public_ip.pip",
            "module.dev_rg.azurerm_resource_group.rg",
            "module.dev_subnet.azurerm_subnet.subnets",
            "module.dev_vnet.azurerm_virtual_network.vnet",
            "module.nic_vm.data.azurerm_public_ip.pips",
            "module.nic_vm.data.azurerm_subnet.subnets"
          ]
        }
      ]
    }
  ],
  "check_results": null
}
